
Microsoft Visual Studio Solution File, Format Version 12.00
# Visual Studio Version 16
VisualStudioVersion = 16.0.28315.86
MinimumVisualStudioVersion = 10.0.40219.1
Project("{2150E333-8FDC-42A3-9474-1A3956D46DE8}") = "Engine", "Engine", "{C6A88203-CAEA-47DF-A58D-8C9BCF9B3CD4}"
EndProject
Project("{2150E333-8FDC-42A3-9474-1A3956D46DE8}") = "Games", "Games", "{5E777BD3-0DF0-4983-AD2F-55CD5AA9E6E3}"
EndProject
Project("{8BC9CEB8-8B4A-11D0-8D11-00A0C91BC942}") = "UE4", "Intermediate\ProjectFiles\UE4.vcxproj", "{7515A764-B01B-4F11-B3FB-44FA7CAC62F5}"
EndProject
Project("{8BC9CEB8-8B4A-11D0-8D11-00A0C91BC942}") = "GamesCW", "Intermediate\ProjectFiles\GamesCW.vcxproj", "{43C9DBBE-41B5-464B-ACE0-8436C059DBF0}"
EndProject
Project("{2150E333-8FDC-42A3-9474-1A3956D46DE8}") = "Visualizers", "Visualizers", "{3068841B-9B5A-4859-BEF9-C674203139F7}"
	ProjectSection(SolutionItems) = preProject
		..\..\..\..\Program Files\Epic Games\UE_4.24\Engine\Extras\VisualStudioDebugging\UE4.natvis = ..\..\..\..\Program Files\Epic Games\UE_4.24\Engine\Extras\VisualStudioDebugging\UE4.natvis
	EndProjectSection
EndProject
Global
	GlobalSection(SolutionConfigurationPlatforms) = preSolution
		DebugGame Editor|Win32 = DebugGame Editor|Win32
		DebugGame Editor|Win64 = DebugGame Editor|Win64
		DebugGame|Win32 = DebugGame|Win32
		DebugGame|Win64 = DebugGame|Win64
		Development Editor|Win32 = Development Editor|Win32
		Development Editor|Win64 = Development Editor|Win64
		Development|Win32 = Development|Win32
		Development|Win64 = Development|Win64
		Shipping|Win32 = Shipping|Win32
		Shipping|Win64 = Shipping|Win64
	EndGlobalSection
	GlobalSection(ProjectConfigurationPlatforms) = postSolution
		{7515A764-B01B-4F11-B3FB-44FA7CAC62F5}.DebugGame Editor|Win32.ActiveCfg = BuiltWithUnrealBuildTool|Win32
		{7515A764-B01B-4F11-B3FB-44FA7CAC62F5}.DebugGame Editor|Win64.ActiveCfg = BuiltWithUnrealBuildTool|Win32
		{7515A764-B01B-4F11-B3FB-44FA7CAC62F5}.DebugGame|Win32.ActiveCfg = BuiltWithUnrealBuildTool|Win32
		{7515A764-B01B-4F11-B3FB-44FA7CAC62F5}.DebugGame|Win64.ActiveCfg = BuiltWithUnrealBuildTool|Win32
		{7515A764-B01B-4F11-B3FB-44FA7CAC62F5}.Development Editor|Win32.ActiveCfg = BuiltWithUnrealBuildTool|Win32
		{7515A764-B01B-4F11-B3FB-44FA7CAC62F5}.Development Editor|Win64.ActiveCfg = BuiltWithUnrealBuildTool|Win32
		{7515A764-B01B-4F11-B3FB-44FA7CAC62F5}.Development|Win32.ActiveCfg = BuiltWithUnrealBuildTool|Win32
		{7515A764-B01B-4F11-B3FB-44FA7CAC62F5}.Development|Win64.ActiveCfg = BuiltWithUnrealBuildTool|Win32
		{7515A764-B01B-4F11-B3FB-44FA7CAC62F5}.Shipping|Win32.ActiveCfg = BuiltWithUnrealBuildTool|Win32
		{7515A764-B01B-4F11-B3FB-44FA7CAC62F5}.Shipping|Win64.ActiveCfg = BuiltWithUnrealBuildTool|Win32
		{43C9DBBE-41B5-464B-ACE0-8436C059DBF0}.DebugGame Editor|Win32.ActiveCfg = Invalid|Win32
		{43C9DBBE-41B5-464B-ACE0-8436C059DBF0}.DebugGame Editor|Win64.ActiveCfg = DebugGame_Editor|x64
		{43C9DBBE-41B5-464B-ACE0-8436C059DBF0}.DebugGame Editor|Win64.Build.0 = DebugGame_Editor|x64
		{43C9DBBE-41B5-464B-ACE0-8436C059DBF0}.DebugGame|Win32.ActiveCfg = DebugGame|Win32
		{43C9DBBE-41B5-464B-ACE0-8436C059DBF0}.DebugGame|Win32.Build.0 = DebugGame|Win32
		{43C9DBBE-41B5-464B-ACE0-8436C059DBF0}.DebugGame|Win64.ActiveCfg = DebugGame|x64
		{43C9DBBE-41B5-464B-ACE0-8436C059DBF0}.DebugGame|Win64.Build.0 = DebugGame|x64
		{43C9DBBE-41B5-464B-ACE0-8436C059DBF0}.Development Editor|Win32.ActiveCfg = Invalid|Win32
		{43C9DBBE-41B5-464B-ACE0-8436C059DBF0}.Development Editor|Win64.ActiveCfg = Development_Editor|x64
		{43C9DBBE-41B5-464B-ACE0-8436C059DBF0}.Development Editor|Win64.Build.0 = Development_Editor|x64
		{43C9DBBE-41B5-464B-ACE0-8436C059DBF0}.Development|Win32.ActiveCfg = Development|Win32
		{43C9DBBE-41B5-464B-ACE0-8436C059DBF0}.Development|Win32.Build.0 = Development|Win32
		{43C9DBBE-41B5-464B-ACE0-8436C059DBF0}.Development|Win64.ActiveCfg = Development|x64
		{43C9DBBE-41B5-464B-ACE0-8436C059DBF0}.Development|Win64.Build.0 = Development|x64
		{43C9DBBE-41B5-464B-ACE0-8436C059DBF0}.Shipping|Win32.ActiveCfg = Shipping|Win32
		{43C9DBBE-41B5-464B-ACE0-8436C059DBF0}.Shipping|Win32.Build.0 = Shipping|Win32
		{43C9DBBE-41B5-464B-ACE0-8436C059DBF0}.Shipping|Win64.ActiveCfg = Shipping|x64
		{43C9DBBE-41B5-464B-ACE0-8436C059DBF0}.Shipping|Win64.Build.0 = Shipping|x64
	EndGlobalSection
	GlobalSection(SolutionProperties) = preSolution
		HideSolutionNode = FALSE
	EndGlobalSection
	GlobalSection(NestedProjects) = preSolution
		{7515A764-B01B-4F11-B3FB-44FA7CAC62F5} = {C6A88203-CAEA-47DF-A58D-8C9BCF9B3CD4}
		{43C9DBBE-41B5-464B-ACE0-8436C059DBF0} = {5E777BD3-0DF0-4983-AD2F-55CD5AA9E6E3}
	EndGlobalSection
EndGlobal
